
Microsoft Visual Studio Solution File, Format Version 12.00
# Visual Studio 15
VisualStudioVersion = 15.0.27703.2026
MinimumVisualStudioVersion = 10.0.40219.1
Project("{FAE04EC0-301F-11D3-BF4B-00C04F79EFBC}") = "GuessANumber", "GuessANumber\GuessANumber.csproj", "{DE998313-6CDF-4880-9CDF-181EAA42D2B1}"
EndProject
Global
	GlobalSection(SolutionConfigurationPlatforms) = preSolution
		Debug|Any CPU = Debug|Any CPU
		Release|Any CPU = Release|Any CPU
	EndGlobalSection
	GlobalSection(ProjectConfigurationPlatforms) = postSolution
		{DE998313-6CDF-4880-9CDF-181EAA42D2B1}.Debug|Any CPU.ActiveCfg = Debug|Any CPU
		{DE998313-6CDF-4880-9CDF-181EAA42D2B1}.Debug|Any CPU.Build.0 = Debug|Any CPU
		{DE998313-6CDF-4880-9CDF-181EAA42D2B1}.Release|Any CPU.ActiveCfg = Release|Any CPU
		{DE998313-6CDF-4880-9CDF-181EAA42D2B1}.Release|Any CPU.Build.0 = Release|Any CPU
	EndGlobalSection
	GlobalSection(SolutionProperties) = preSolution
		HideSolutionNode = FALSE
	EndGlobalSection
	GlobalSection(ExtensibilityGlobals) = postSolution
		SolutionGuid = {8CC01960-9F17-4985-A801-0105471AF8C3}
	EndGlobalSection
EndGlobal
